PODS:
  - AFNetworking (3.1.0):
    - AFNetworking/NSURLSession (= 3.1.0)
    - AFNetworking/Reachability (= 3.1.0)
    - AFNetworking/Security (= 3.1.0)
    - AFNetworking/Serialization (= 3.1.0)
    - AFNetworking/UIKit (= 3.1.0)
  - AFNetworking/NSURLSession (3.1.0):
    - AFNetworking/Reachability
    - AFNetworking/Security
    - AFNetworking/Serialization
  - AFNetworking/Reachability (3.1.0)
  - AFNetworking/Security (3.1.0)
  - AFNetworking/Serialization (3.1.0)
  - AFNetworking/UIKit (3.1.0):
    - AFNetworking/NSURLSession
  - FMDB (2.7.2):
    - FMDB/standard (= 2.7.2)
  - FMDB/standard (2.7.2)
  - Masonry (1.0.2)
  - MBProgressHUD (1.0.0)
  - MJExtension (3.0.13)
  - MJRefresh (3.1.12)
  - SAMKeychain (1.5.2)
  - SDWebImage (4.0.0):
    - SDWebImage/Core (= 4.0.0)
  - SDWebImage/Core (4.0.0)
  - SVProgressHUD (2.1.2)
  - Toast (3.1.0)
  - TTTAttributedLabel (2.0.0)
  - TZImagePickerController (1.8.1)
  - UITableView+FDTemplateLayoutCell (1.6)

DEPENDENCIES:
  - AFNetworking
  - FMDB
  - Masonry
  - MBProgressHUD
  - MJExtension
  - MJRefresh
  - SAMKeychain
  - SDWebImage
  - SVProgressHUD
  - Toast
  - TTTAttributedLabel
  - TZImagePickerController
  - UITableView+FDTemplateLayoutCell

SPEC CHECKSUMS:
  AFNetworking: 5e0e199f73d8626b11e79750991f5d173d1f8b67
  FMDB: 6198a90e7b6900cfc046e6bc0ef6ebb7be9236aa
  Masonry: 7c429b56da9d4ee0bbb3ed77a5ea710d6a5df39e
  MBProgressHUD: 4890f671c94e8a0f3cf959aa731e9de2f036d71a
  MJExtension: 5932755f451458eefa24239358817f8d291240c7
  MJRefresh: b96cdb21c4aa75a7b07654311ab2f315c497e806
  SAMKeychain: 1865333198217411f35327e8da61b43de79b635b
  SDWebImage: 76a6348bdc74eb5a55dd08a091ef298e56b55e41
  SVProgressHUD: c404a55d78acbeb7ebb78b76d3faf986475a6994
  Toast: 14a93686d6c8bfe2727afd342414e35660a8a1f3
  TTTAttributedLabel: 8cffe8e127e4e82ff3af1e5386d4cd0ad000b656
  TZImagePickerController: 086034156913375cb19c8e4103562f15322c3b36
  UITableView+FDTemplateLayoutCell: 5c949b4a5059c404b442926c0e80f81d10a2d66f

PODFILE CHECKSUM: 7a8e4b3c168d74f8ac35d5634bce88f9793a2762

COCOAPODS: 1.2.1
